
Microsoft Visual Studio Solution File, Format Version 12.00
# Visual Studio Version 17
VisualStudioVersion = 17.14.36414.22 d17.14
MinimumVisualStudioVersion = 10.0.40219.1
Project("{FAE04EC0-301F-11D3-BF4B-00C04F79EFBC}") = "KimboSays", "KimboSays\KimboSays.csproj", "{03E2AED3-45F2-4928-A2FB-75C6556D8083}"
EndProject
Global
	GlobalSection(SolutionConfigurationPlatforms) = preSolution
		Debug|Any CPU = Debug|Any CPU
		Release|Any CPU = Release|Any CPU
	EndGlobalSection
	GlobalSection(ProjectConfigurationPlatforms) = postSolution
		{03E2AED3-45F2-4928-A2FB-75C6556D8083}.Debug|Any CPU.ActiveCfg = Debug|Any CPU
		{03E2AED3-45F2-4928-A2FB-75C6556D8083}.Debug|Any CPU.Build.0 = Debug|Any CPU
		{03E2AED3-45F2-4928-A2FB-75C6556D8083}.Release|Any CPU.ActiveCfg = Release|Any CPU
		{03E2AED3-45F2-4928-A2FB-75C6556D8083}.Release|Any CPU.Build.0 = Release|Any CPU
	EndGlobalSection
	GlobalSection(SolutionProperties) = preSolution
		HideSolutionNode = FALSE
	EndGlobalSection
	GlobalSection(ExtensibilityGlobals) = postSolution
		SolutionGuid = {29C60834-1C33-45A1-807E-2B6EE118D6D7}
	EndGlobalSection
EndGlobal
